
Microsoft Visual Studio Solution File, Format Version 12.00
# Visual Studio Version 17
VisualStudioVersion = 17.10.35004.147
MinimumVisualStudioVersion = 10.0.40219.1
Project("{FAE04EC0-301F-11D3-BF4B-00C04F79EFBC}") = "ChatGPT.ApiService", "ChatGPT.ApiService\ChatGPT.ApiService.csproj", "{DD80581A-C0C5-4112-AA4B-CB309B02C982}"
EndProject
Global
	GlobalSection(SolutionConfigurationPlatforms) = preSolution
		Debug|Any CPU = Debug|Any CPU
		Release|Any CPU = Release|Any CPU
	EndGlobalSection
	GlobalSection(ProjectConfigurationPlatforms) = postSolution
		{DD80581A-C0C5-4112-AA4B-CB309B02C982}.Debug|Any CPU.ActiveCfg = Debug|Any CPU
		{DD80581A-C0C5-4112-AA4B-CB309B02C982}.Debug|Any CPU.Build.0 = Debug|Any CPU
		{DD80581A-C0C5-4112-AA4B-CB309B02C982}.Release|Any CPU.ActiveCfg = Release|Any CPU
		{DD80581A-C0C5-4112-AA4B-CB309B02C982}.Release|Any CPU.Build.0 = Release|Any CPU
	EndGlobalSection
	GlobalSection(SolutionProperties) = preSolution
		HideSolutionNode = FALSE
	EndGlobalSection
	GlobalSection(ExtensibilityGlobals) = postSolution
		SolutionGuid = {90BCAD63-F8CD-41D6-9A07-833E599C9F47}
	EndGlobalSection
EndGlobal
